lockfileVersion: '9.0'

settings:
  autoInstallPeers: true
  excludeLinksFromLockfile: false

importers:

  .:
    devDependencies:
      prettier:
        specifier: ^3.8.4
        version: 3.8.4
      turbo:
        specifier: ^2.9.18
        version: 2.9.18
      typescript:
        specifier: ^6.0.3
        version: 6.0.3

packages:

  '@turbo/darwin-64@2.9.18':
    resolution: {integrity: sha512-9f27peFu16ur8c0v9nUFUEyBnbKuuFsUTjHFWfmwGfzySBXbHwzU44QhZon6Mznz0cHsIr3984NQj/bVrnGSRw==}
    cpu: [x64]
    os: [darwin]

  '@turbo/darwin-arm64@2.9.18':
    resolution: {integrity: sha512-9A6TMRq/Ib+QnbhLlgkhOm+624wO4pzSQ/yQviQfWHOlFvaYxdnIAYmu2H6TS6y7kSVL0DvzNe04NbESTOzFVQ==}
    cpu: [arm64]
    os: [darwin]

  '@turbo/linux-64@2.9.18':
    resolution: {integrity: sha512-zCdIDtz69AnbYh913elJRRoF3QY5aa2HNnf+4rAkc7bQ+tWujiDkCNV7stazOUPggaDvhKIf2Z87qHftTeXSkw==}
    cpu: [x64]
    os: [linux]

  '@turbo/linux-arm64@2.9.18':
    resolution: {integrity: sha512-Va1kXI04naMgYwqv/5Dfa36dTDx8015U7oaQAjrXa45ua9OoFjSV4OmvkML4EmXvUclQHCiBRbY8bvd0jV7eAg==}
    cpu: [arm64]
    os: [linux]

  '@turbo/windows-64@2.9.18':
    resolution: {integrity: sha512-m0kDhZANxSNz9ck1ybogFscHabriAsp4eDFNrN/1H5WrgTF7b3VlcPZnhuO3v2+E2KnCbeAc+UUT10BZZHdDKw==}
    cpu: [x64]
    os: [win32]

  '@turbo/windows-arm64@2.9.18':
    resolution: {integrity: sha512-nUdR8WqoomUys9iIQmG45TMiizJ+5BV8egSeLLZba/AWblyp3fVBcIH1kSE58OtK4g2YzbMJEth6Ttv9w5rqMA==}
    cpu: [arm64]
    os: [win32]

  prettier@3.8.4:
    resolution: {integrity: sha512-N2MylSdi48+5N/6S5j+maeHbUSIzzZ5uOcX5Hm4QpV8Dkb1HFjfAKTKX6yNPJQD9AhcT3ifHNB66tWTTJDi11Q==}
    engines: {node: '>=14'}
    hasBin: true

  turbo@2.9.18:
    resolution: {integrity: sha512-bwabv6PupzeavybzEoArBAkwq5fnzwf8OFnRtpHwnviFWuwJPFxtyH+aVp36TmIqK3aYYgtTJ3J0m2ysxxSzQg==}
    hasBin: true

  typescript@6.0.3:
    resolution: {integrity: sha512-y2TvuxSZPDyQakkFRPZHKFm+KKVqIisdg9/CZwm9ftvKXLP8NRWj38/ODjNbr43SsoXqNuAisEf1GdCxqWcdBw==}
    engines: {node: '>=14.17'}
    hasBin: true

snapshots:

  '@turbo/darwin-64@2.9.18':
    optional: true

  '@turbo/darwin-arm64@2.9.18':
    optional: true

  '@turbo/linux-64@2.9.18':
    optional: true

  '@turbo/linux-arm64@2.9.18':
    optional: true

  '@turbo/windows-64@2.9.18':
    optional: true

  '@turbo/windows-arm64@2.9.18':
    optional: true

  prettier@3.8.4: {}

  turbo@2.9.18:
    optionalDependencies:
      '@turbo/darwin-64': 2.9.18
      '@turbo/darwin-arm64': 2.9.18
      '@turbo/linux-64': 2.9.18
      '@turbo/linux-arm64': 2.9.18
      '@turbo/windows-64': 2.9.18
      '@turbo/windows-arm64': 2.9.18

  typescript@6.0.3: {}
